
Microsoft Visual Studio Solution File, Format Version 12.00
Project("{2150E333-8FDC-42A3-9474-1A3956D46DE8}") = "SolutionItems", "SolutionItems", "{3EE2A996-E1B5-419E-B24D-9C4125CFCEA2}"
	ProjectSection(SolutionItems) = preProject
		FetchContent.ps1 = FetchContent.ps1
		FetchLoaderBoard.ps1 = FetchLoaderBoard.ps1
		Leaderboard.json = Leaderboard.json
	EndProjectSection
EndProject
Project("{FAE04EC0-301F-11D3-BF4B-00C04F79EFBC}") = "Day1", "Day1\Day1.csproj", "{07A7AFA4-7770-486C-8911-AE9AB373FA83}"
EndProject
Project("{FAE04EC0-301F-11D3-BF4B-00C04F79EFBC}") = "Day2", "Day2\Day2.csproj", "{A47071E4-7357-4C74-BCA3-A5C3CDAECD79}"
EndProject
Project("{FAE04EC0-301F-11D3-BF4B-00C04F79EFBC}") = "Day3", "Day3\Day3.csproj", "{DB20F9C3-A350-45D0-B562-0DA1799280F9}"
EndProject
Project("{FAE04EC0-301F-11D3-BF4B-00C04F79EFBC}") = "Day4", "Day4\Day4.csproj", "{32E9B03A-AA21-4395-ACFC-BE7902840977}"
EndProject
Project("{FAE04EC0-301F-11D3-BF4B-00C04F79EFBC}") = "Day5", "Day5\Day5.csproj", "{9A503179-74CE-4928-ACB9-AFB89203F02E}"
EndProject
Project("{FAE04EC0-301F-11D3-BF4B-00C04F79EFBC}") = "Day6", "Day6\Day6.csproj", "{680103BB-F53D-4A60-BA97-22BB5A85B1AA}"
EndProject
Project("{FAE04EC0-301F-11D3-BF4B-00C04F79EFBC}") = "Day7", "Day7\Day7.csproj", "{B866309C-4836-49AB-A4FF-151A7B1E9CBA}"
EndProject
Project("{FAE04EC0-301F-11D3-BF4B-00C04F79EFBC}") = "Day8", "Day8\Day8.csproj", "{D507FB39-D6E3-49CC-84A3-B89AC3687886}"
EndProject
Project("{FAE04EC0-301F-11D3-BF4B-00C04F79EFBC}") = "Day9", "Day9\Day9.csproj", "{BE55B168-1824-4D34-A7A3-3AD81F4F9FC4}"
EndProject
Project("{FAE04EC0-301F-11D3-BF4B-00C04F79EFBC}") = "Day10", "Day10\Day10.csproj", "{B1F05606-324A-4A00-A8EC-CE6058C65774}"
EndProject
Project("{FAE04EC0-301F-11D3-BF4B-00C04F79EFBC}") = "Day11", "Day11\Day11.csproj", "{14F0ACBB-1900-43AF-B61D-B86713B0B059}"
EndProject
Project("{FAE04EC0-301F-11D3-BF4B-00C04F79EFBC}") = "Day12", "Day12\Day12.csproj", "{1A147B76-4F42-4B29-9654-2C783E03649C}"
EndProject
Project("{FAE04EC0-301F-11D3-BF4B-00C04F79EFBC}") = "Day13", "Day13\Day13.csproj", "{E3D774A3-9CFD-4A32-AB62-A6B655FCAB6D}"
EndProject
Project("{FAE04EC0-301F-11D3-BF4B-00C04F79EFBC}") = "Day14", "Day14\Day14.csproj", "{53BFFA28-47F2-4F64-9310-9E4BDFB94764}"
EndProject
Project("{FAE04EC0-301F-11D3-BF4B-00C04F79EFBC}") = "Day15", "Day15\Day15.csproj", "{F3985217-F47A-4268-BFAB-F3296A6F6A06}"
EndProject
Project("{FAE04EC0-301F-11D3-BF4B-00C04F79EFBC}") = "Day16", "Day16\Day16.csproj", "{CB079660-1EBD-40AE-A229-59AF0DE29398}"
EndProject
Project("{FAE04EC0-301F-11D3-BF4B-00C04F79EFBC}") = "Day17", "Day17\Day17.csproj", "{464AABB5-C403-45D5-9547-D6CBD6A2F67E}"
EndProject
Project("{FAE04EC0-301F-11D3-BF4B-00C04F79EFBC}") = "Day18", "Day18\Day18.csproj", "{AC730906-6A66-432C-8F1F-29190A3CFB73}"
EndProject
Project("{FAE04EC0-301F-11D3-BF4B-00C04F79EFBC}") = "Day19", "Day19\Day19.csproj", "{D32B75C4-C4B8-4E9C-BE52-D4714591E15D}"
EndProject
Project("{FAE04EC0-301F-11D3-BF4B-00C04F79EFBC}") = "Day20", "Day20\Day20.csproj", "{19E76983-F1EF-477A-A547-246A6EAD7AC8}"
EndProject
Project("{FAE04EC0-301F-11D3-BF4B-00C04F79EFBC}") = "Day21", "Day21\Day21.csproj", "{9AF2A3AB-0836-4911-B6FF-5DA237B86B0F}"
EndProject
Project("{FAE04EC0-301F-11D3-BF4B-00C04F79EFBC}") = "Day22", "Day22\Day22.csproj", "{06CF4E29-C853-4BD9-8A05-DDFCC607FBD5}"
EndProject
Project("{FAE04EC0-301F-11D3-BF4B-00C04F79EFBC}") = "Day23", "Day23\Day23.csproj", "{90B2A837-6BC3-490C-A546-DF753641B4F4}"
EndProject
Project("{FAE04EC0-301F-11D3-BF4B-00C04F79EFBC}") = "Day24", "Day24\Day24.csproj", "{E2E7BA56-F082-47EE-8A59-40C857E10C3D}"
EndProject
Project("{FAE04EC0-301F-11D3-BF4B-00C04F79EFBC}") = "Day25", "Day25\Day25.csproj", "{C9DB79D4-4D80-4024-AE49-CCDFE076792F}"
EndProject
Project("{FAE04EC0-301F-11D3-BF4B-00C04F79EFBC}") = "LeaderboardProcessor", "LeaderboardProcessor\LeaderboardProcessor.csproj", "{A4F40A06-2BFD-498F-90AC-BEE8884BC160}"
EndProject
Project("{FAE04EC0-301F-11D3-BF4B-00C04F79EFBC}") = "Utilities", "Utilities\Utilities.csproj", "{40845DB2-F4C8-4415-A4AF-15FDE59F9C14}"
EndProject

Global
	GlobalSection(SolutionConfigurationPlatforms) = preSolution
		Debug|Any CPU = Debug|Any CPU
		Release|Any CPU = Release|Any CPU
	EndGlobalSection
	GlobalSection(ProjectConfigurationPlatforms) = postSolution
		{07A7AFA4-7770-486C-8911-AE9AB373FA83}.Debug|Any CPU.ActiveCfg = Debug|Any CPU
		{07A7AFA4-7770-486C-8911-AE9AB373FA83}.Debug|Any CPU.Build.0 = Debug|Any CPU
		{07A7AFA4-7770-486C-8911-AE9AB373FA83}.Release|Any CPU.ActiveCfg = Release|Any CPU
		{07A7AFA4-7770-486C-8911-AE9AB373FA83}.Release|Any CPU.Build.0 = Release|Any CPU
		{A47071E4-7357-4C74-BCA3-A5C3CDAECD79}.Debug|Any CPU.ActiveCfg = Debug|Any CPU
		{A47071E4-7357-4C74-BCA3-A5C3CDAECD79}.Debug|Any CPU.Build.0 = Debug|Any CPU
		{A47071E4-7357-4C74-BCA3-A5C3CDAECD79}.Release|Any CPU.ActiveCfg = Release|Any CPU
		{A47071E4-7357-4C74-BCA3-A5C3CDAECD79}.Release|Any CPU.Build.0 = Release|Any CPU
		{DB20F9C3-A350-45D0-B562-0DA1799280F9}.Debug|Any CPU.ActiveCfg = Debug|Any CPU
		{DB20F9C3-A350-45D0-B562-0DA1799280F9}.Debug|Any CPU.Build.0 = Debug|Any CPU
		{DB20F9C3-A350-45D0-B562-0DA1799280F9}.Release|Any CPU.ActiveCfg = Release|Any CPU
		{DB20F9C3-A350-45D0-B562-0DA1799280F9}.Release|Any CPU.Build.0 = Release|Any CPU
		{32E9B03A-AA21-4395-ACFC-BE7902840977}.Debug|Any CPU.ActiveCfg = Debug|Any CPU
		{32E9B03A-AA21-4395-ACFC-BE7902840977}.Debug|Any CPU.Build.0 = Debug|Any CPU
		{32E9B03A-AA21-4395-ACFC-BE7902840977}.Release|Any CPU.ActiveCfg = Release|Any CPU
		{32E9B03A-AA21-4395-ACFC-BE7902840977}.Release|Any CPU.Build.0 = Release|Any CPU
		{9A503179-74CE-4928-ACB9-AFB89203F02E}.Debug|Any CPU.ActiveCfg = Debug|Any CPU
		{9A503179-74CE-4928-ACB9-AFB89203F02E}.Debug|Any CPU.Build.0 = Debug|Any CPU
		{9A503179-74CE-4928-ACB9-AFB89203F02E}.Release|Any CPU.ActiveCfg = Release|Any CPU
		{9A503179-74CE-4928-ACB9-AFB89203F02E}.Release|Any CPU.Build.0 = Release|Any CPU
		{680103BB-F53D-4A60-BA97-22BB5A85B1AA}.Debug|Any CPU.ActiveCfg = Debug|Any CPU
		{680103BB-F53D-4A60-BA97-22BB5A85B1AA}.Debug|Any CPU.Build.0 = Debug|Any CPU
		{680103BB-F53D-4A60-BA97-22BB5A85B1AA}.Release|Any CPU.ActiveCfg = Release|Any CPU
		{680103BB-F53D-4A60-BA97-22BB5A85B1AA}.Release|Any CPU.Build.0 = Release|Any CPU
		{B866309C-4836-49AB-A4FF-151A7B1E9CBA}.Debug|Any CPU.ActiveCfg = Debug|Any CPU
		{B866309C-4836-49AB-A4FF-151A7B1E9CBA}.Debug|Any CPU.Build.0 = Debug|Any CPU
		{B866309C-4836-49AB-A4FF-151A7B1E9CBA}.Release|Any CPU.ActiveCfg = Release|Any CPU
		{B866309C-4836-49AB-A4FF-151A7B1E9CBA}.Release|Any CPU.Build.0 = Release|Any CPU
		{D507FB39-D6E3-49CC-84A3-B89AC3687886}.Debug|Any CPU.ActiveCfg = Debug|Any CPU
		{D507FB39-D6E3-49CC-84A3-B89AC3687886}.Debug|Any CPU.Build.0 = Debug|Any CPU
		{D507FB39-D6E3-49CC-84A3-B89AC3687886}.Release|Any CPU.ActiveCfg = Release|Any CPU
		{D507FB39-D6E3-49CC-84A3-B89AC3687886}.Release|Any CPU.Build.0 = Release|Any CPU
		{BE55B168-1824-4D34-A7A3-3AD81F4F9FC4}.Debug|Any CPU.ActiveCfg = Debug|Any CPU
		{BE55B168-1824-4D34-A7A3-3AD81F4F9FC4}.Debug|Any CPU.Build.0 = Debug|Any CPU
		{BE55B168-1824-4D34-A7A3-3AD81F4F9FC4}.Release|Any CPU.ActiveCfg = Release|Any CPU
		{BE55B168-1824-4D34-A7A3-3AD81F4F9FC4}.Release|Any CPU.Build.0 = Release|Any CPU
		{B1F05606-324A-4A00-A8EC-CE6058C65774}.Debug|Any CPU.ActiveCfg = Debug|Any CPU
		{B1F05606-324A-4A00-A8EC-CE6058C65774}.Debug|Any CPU.Build.0 = Debug|Any CPU
		{B1F05606-324A-4A00-A8EC-CE6058C65774}.Release|Any CPU.ActiveCfg = Release|Any CPU
		{B1F05606-324A-4A00-A8EC-CE6058C65774}.Release|Any CPU.Build.0 = Release|Any CPU
		{14F0ACBB-1900-43AF-B61D-B86713B0B059}.Debug|Any CPU.ActiveCfg = Debug|Any CPU
		{14F0ACBB-1900-43AF-B61D-B86713B0B059}.Debug|Any CPU.Build.0 = Debug|Any CPU
		{14F0ACBB-1900-43AF-B61D-B86713B0B059}.Release|Any CPU.ActiveCfg = Release|Any CPU
		{14F0ACBB-1900-43AF-B61D-B86713B0B059}.Release|Any CPU.Build.0 = Release|Any CPU
		{1A147B76-4F42-4B29-9654-2C783E03649C}.Debug|Any CPU.ActiveCfg = Debug|Any CPU
		{1A147B76-4F42-4B29-9654-2C783E03649C}.Debug|Any CPU.Build.0 = Debug|Any CPU
		{1A147B76-4F42-4B29-9654-2C783E03649C}.Release|Any CPU.ActiveCfg = Release|Any CPU
		{1A147B76-4F42-4B29-9654-2C783E03649C}.Release|Any CPU.Build.0 = Release|Any CPU
		{E3D774A3-9CFD-4A32-AB62-A6B655FCAB6D}.Debug|Any CPU.ActiveCfg = Debug|Any CPU
		{E3D774A3-9CFD-4A32-AB62-A6B655FCAB6D}.Debug|Any CPU.Build.0 = Debug|Any CPU
		{E3D774A3-9CFD-4A32-AB62-A6B655FCAB6D}.Release|Any CPU.ActiveCfg = Release|Any CPU
		{E3D774A3-9CFD-4A32-AB62-A6B655FCAB6D}.Release|Any CPU.Build.0 = Release|Any CPU
		{53BFFA28-47F2-4F64-9310-9E4BDFB94764}.Debug|Any CPU.ActiveCfg = Debug|Any CPU
		{53BFFA28-47F2-4F64-9310-9E4BDFB94764}.Debug|Any CPU.Build.0 = Debug|Any CPU
		{53BFFA28-47F2-4F64-9310-9E4BDFB94764}.Release|Any CPU.ActiveCfg = Release|Any CPU
		{53BFFA28-47F2-4F64-9310-9E4BDFB94764}.Release|Any CPU.Build.0 = Release|Any CPU
		{F3985217-F47A-4268-BFAB-F3296A6F6A06}.Debug|Any CPU.ActiveCfg = Debug|Any CPU
		{F3985217-F47A-4268-BFAB-F3296A6F6A06}.Debug|Any CPU.Build.0 = Debug|Any CPU
		{F3985217-F47A-4268-BFAB-F3296A6F6A06}.Release|Any CPU.ActiveCfg = Release|Any CPU
		{F3985217-F47A-4268-BFAB-F3296A6F6A06}.Release|Any CPU.Build.0 = Release|Any CPU
		{CB079660-1EBD-40AE-A229-59AF0DE29398}.Debug|Any CPU.ActiveCfg = Debug|Any CPU
		{CB079660-1EBD-40AE-A229-59AF0DE29398}.Debug|Any CPU.Build.0 = Debug|Any CPU
		{CB079660-1EBD-40AE-A229-59AF0DE29398}.Release|Any CPU.ActiveCfg = Release|Any CPU
		{CB079660-1EBD-40AE-A229-59AF0DE29398}.Release|Any CPU.Build.0 = Release|Any CPU
		{464AABB5-C403-45D5-9547-D6CBD6A2F67E}.Debug|Any CPU.ActiveCfg = Debug|Any CPU
		{464AABB5-C403-45D5-9547-D6CBD6A2F67E}.Debug|Any CPU.Build.0 = Debug|Any CPU
		{464AABB5-C403-45D5-9547-D6CBD6A2F67E}.Release|Any CPU.ActiveCfg = Release|Any CPU
		{464AABB5-C403-45D5-9547-D6CBD6A2F67E}.Release|Any CPU.Build.0 = Release|Any CPU
		{AC730906-6A66-432C-8F1F-29190A3CFB73}.Debug|Any CPU.ActiveCfg = Debug|Any CPU
		{AC730906-6A66-432C-8F1F-29190A3CFB73}.Debug|Any CPU.Build.0 = Debug|Any CPU
		{AC730906-6A66-432C-8F1F-29190A3CFB73}.Release|Any CPU.ActiveCfg = Release|Any CPU
		{AC730906-6A66-432C-8F1F-29190A3CFB73}.Release|Any CPU.Build.0 = Release|Any CPU
		{D32B75C4-C4B8-4E9C-BE52-D4714591E15D}.Debug|Any CPU.ActiveCfg = Debug|Any CPU
		{D32B75C4-C4B8-4E9C-BE52-D4714591E15D}.Debug|Any CPU.Build.0 = Debug|Any CPU
		{D32B75C4-C4B8-4E9C-BE52-D4714591E15D}.Release|Any CPU.ActiveCfg = Release|Any CPU
		{D32B75C4-C4B8-4E9C-BE52-D4714591E15D}.Release|Any CPU.Build.0 = Release|Any CPU
		{19E76983-F1EF-477A-A547-246A6EAD7AC8}.Debug|Any CPU.ActiveCfg = Debug|Any CPU
		{19E76983-F1EF-477A-A547-246A6EAD7AC8}.Debug|Any CPU.Build.0 = Debug|Any CPU
		{19E76983-F1EF-477A-A547-246A6EAD7AC8}.Release|Any CPU.ActiveCfg = Release|Any CPU
		{19E76983-F1EF-477A-A547-246A6EAD7AC8}.Release|Any CPU.Build.0 = Release|Any CPU
		{9AF2A3AB-0836-4911-B6FF-5DA237B86B0F}.Debug|Any CPU.ActiveCfg = Debug|Any CPU
		{9AF2A3AB-0836-4911-B6FF-5DA237B86B0F}.Debug|Any CPU.Build.0 = Debug|Any CPU
		{9AF2A3AB-0836-4911-B6FF-5DA237B86B0F}.Release|Any CPU.ActiveCfg = Release|Any CPU
		{9AF2A3AB-0836-4911-B6FF-5DA237B86B0F}.Release|Any CPU.Build.0 = Release|Any CPU
		{06CF4E29-C853-4BD9-8A05-DDFCC607FBD5}.Debug|Any CPU.ActiveCfg = Debug|Any CPU
		{06CF4E29-C853-4BD9-8A05-DDFCC607FBD5}.Debug|Any CPU.Build.0 = Debug|Any CPU
		{06CF4E29-C853-4BD9-8A05-DDFCC607FBD5}.Release|Any CPU.ActiveCfg = Release|Any CPU
		{06CF4E29-C853-4BD9-8A05-DDFCC607FBD5}.Release|Any CPU.Build.0 = Release|Any CPU
		{90B2A837-6BC3-490C-A546-DF753641B4F4}.Debug|Any CPU.ActiveCfg = Debug|Any CPU
		{90B2A837-6BC3-490C-A546-DF753641B4F4}.Debug|Any CPU.Build.0 = Debug|Any CPU
		{90B2A837-6BC3-490C-A546-DF753641B4F4}.Release|Any CPU.ActiveCfg = Release|Any CPU
		{90B2A837-6BC3-490C-A546-DF753641B4F4}.Release|Any CPU.Build.0 = Release|Any CPU
		{E2E7BA56-F082-47EE-8A59-40C857E10C3D}.Debug|Any CPU.ActiveCfg = Debug|Any CPU
		{E2E7BA56-F082-47EE-8A59-40C857E10C3D}.Debug|Any CPU.Build.0 = Debug|Any CPU
		{E2E7BA56-F082-47EE-8A59-40C857E10C3D}.Release|Any CPU.ActiveCfg = Release|Any CPU
		{E2E7BA56-F082-47EE-8A59-40C857E10C3D}.Release|Any CPU.Build.0 = Release|Any CPU
		{C9DB79D4-4D80-4024-AE49-CCDFE076792F}.Debug|Any CPU.ActiveCfg = Debug|Any CPU
		{C9DB79D4-4D80-4024-AE49-CCDFE076792F}.Debug|Any CPU.Build.0 = Debug|Any CPU
		{C9DB79D4-4D80-4024-AE49-CCDFE076792F}.Release|Any CPU.ActiveCfg = Release|Any CPU
		{C9DB79D4-4D80-4024-AE49-CCDFE076792F}.Release|Any CPU.Build.0 = Release|Any CPU
		{A4F40A06-2BFD-498F-90AC-BEE8884BC160}.Debug|Any CPU.ActiveCfg = Debug|Any CPU
		{A4F40A06-2BFD-498F-90AC-BEE8884BC160}.Debug|Any CPU.Build.0 = Debug|Any CPU
		{A4F40A06-2BFD-498F-90AC-BEE8884BC160}.Release|Any CPU.ActiveCfg = Release|Any CPU
		{A4F40A06-2BFD-498F-90AC-BEE8884BC160}.Release|Any CPU.Build.0 = Release|Any CPU
		{40845DB2-F4C8-4415-A4AF-15FDE59F9C14}.Debug|Any CPU.ActiveCfg = Debug|Any CPU
		{40845DB2-F4C8-4415-A4AF-15FDE59F9C14}.Debug|Any CPU.Build.0 = Debug|Any CPU
		{40845DB2-F4C8-4415-A4AF-15FDE59F9C14}.Release|Any CPU.ActiveCfg = Release|Any CPU
		{40845DB2-F4C8-4415-A4AF-15FDE59F9C14}.Release|Any CPU.Build.0 = Release|Any CPU
	EndGlobalSection
EndGlobal
